
Microsoft Visual Studio Solution File, Format Version 12.00
# Visual Studio Version 18
VisualStudioVersion = 18.4.11612.150
MinimumVisualStudioVersion = 10.0.40219.1
Project("{FAE04EC0-301F-11D3-BF4B-00C04F79EFBC}") = "J2534DotNet", "J2534DotNet\J2534DotNet\J2534DotNet.csproj", "{D99E0DE7-2F06-41E3-B33E-687E1B425A7F}"
EndProject
Project("{FAE04EC0-301F-11D3-BF4B-00C04F79EFBC}") = "Tests", "Tests\Tests.csproj", "{0AA6F273-995D-4ADE-8CBB-DB1B6E8A0FCE}"
EndProject
Project("{9A19103F-16F7-4668-BE54-9A1E7A4F7556}") = "PcmLibrary", "PcmLibrary\PcmLibrary.csproj", "{0B317C5A-E078-4A96-8E7A-00601BCA1429}"
EndProject
Project("{2150E333-8FDC-42A3-9474-1A3956D46DE8}") = "Solution Items", "Solution Items", "{6BF5E846-FF31-4DB6-ABE5-A3D81F3DAEE9}"
	ProjectSection(SolutionItems) = preProject
		Directory.Build.props = Directory.Build.props
		Directory.Build.targets = Directory.Build.targets
		Directory.Packages.props = Directory.Packages.props
		global.json = global.json
		..\Release.ps1 = ..\Release.ps1
	EndProjectSection
EndProject
Project("{FAE04EC0-301F-11D3-BF4B-00C04F79EFBC}") = "PcmLibraryWindowsApi", "PcmLibraryWindowsApi\PcmLibraryWindowsApi.csproj", "{B11A7F04-2131-4F04-B5C3-528EB177C0B6}"
	ProjectSection(ProjectDependencies) = postProject
		{0B317C5A-E078-4A96-8E7A-00601BCA1429} = {0B317C5A-E078-4A96-8E7A-00601BCA1429}
	EndProjectSection
EndProject
Project("{2150E333-8FDC-42A3-9474-1A3956D46DE8}") = "UI", "UI", "{A1D6309B-522D-417F-A49D-343841030732}"
EndProject
Project("{2150E333-8FDC-42A3-9474-1A3956D46DE8}") = "WindowsForms", "WindowsForms", "{A3E121FF-AAD7-40A6-9979-AA7D101AE1A4}"
EndProject
Project("{FAE04EC0-301F-11D3-BF4B-00C04F79EFBC}") = "PcmHammer", "UI\WindowsForms\PcmHammer\PcmHammer.csproj", "{F3A3B572-1C9B-4AE9-B70C-9CB731ADFCD6}"
EndProject
Project("{FAE04EC0-301F-11D3-BF4B-00C04F79EFBC}") = "PcmLibraryWindowsForms", "UI\WindowsForms\PcmLibraryWindowsForms\PcmLibraryWindowsForms.csproj", "{C8DCF646-486D-4343-9FEE-4AC36DEACACF}"
EndProject
Project("{FAE04EC0-301F-11D3-BF4B-00C04F79EFBC}") = "PcmLogger", "UI\WindowsForms\PcmLogger\PcmLogger.csproj", "{EDA3BE7B-A060-47B1-951D-B7E469908B80}"
EndProject
Project("{FAE04EC0-301F-11D3-BF4B-00C04F79EFBC}") = "PcmHammerCLI", "UI\PcmHammerCLI\PcmHammerCLI.csproj", "{1A2B3C4D-5E6F-7A8B-9C0D-E1F2A3B4C5D6}"
EndProject
Project("{9A19103F-16F7-4668-BE54-9A1E7A4F7556}") = "PcmHammerLinux", "UI\PcmHammerLinux\PcmHammerLinux.csproj", "{2B7C4E91-5D3A-4F8C-A1B6-3E9D7C2F4A85}"
EndProject
Project("{FAE04EC0-301F-11D3-BF4B-00C04F79EFBC}") = "VpwExplorer", "UI\WindowsForms\VpwExplorer\VpwExplorer.csproj", "{6A27ED5F-BD88-4266-9B63-7DD4A53F591D}"
EndProject
Project("{2150E333-8FDC-42A3-9474-1A3956D46DE8}") = "UnoUI", "UnoUI", "{75D053C5-29A3-4B83-8F30-04F4CA516942}"
	ProjectSection(SolutionItems) = preProject
		UI\UnoUI\ReadMe.md = UI\UnoUI\ReadMe.md
	EndProjectSection
EndProject
Project("{FAE04EC0-301F-11D3-BF4B-00C04F79EFBC}") = "PcmHacking.UnoUI", "UI\UnoUI\PcmHacking.UnoUI\PcmHacking.UnoUI.csproj", "{285CA6F6-3F85-4B45-976A-18FDFD514D7D}"
	ProjectSection(ProjectDependencies) = postProject
		{C8DCF646-486D-4343-9FEE-4AC36DEACACF} = {C8DCF646-486D-4343-9FEE-4AC36DEACACF}
	EndProjectSection
EndProject
Project("{FAE04EC0-301F-11D3-BF4B-00C04F79EFBC}") = "PcmHacking.UnoUI.Tests", "UI\UnoUI\PcmHacking.UnoUI.Tests\PcmHacking.UnoUI.Tests.csproj", "{FED6C5BA-2F22-4E9B-8BA8-A419F0903E6F}"
EndProject
Project("{FAE04EC0-301F-11D3-BF4B-00C04F79EFBC}") = "PcmHacking.UnoUI.UITests", "UI\UnoUI\PcmHacking.UnoUI.UITests\PcmHacking.UnoUI.UITests.csproj", "{B3CD7C96-3170-4071-8FB9-D205D6229D4D}"
EndProject
Project("{FAE04EC0-301F-11D3-BF4B-00C04F79EFBC}") = "BluetoothLib", "BluetoothLib\BluetoothLib.csproj", "{F6CF5FB5-EEEC-4055-BBC1-7F982D39C47C}"
EndProject
Project("{2150E333-8FDC-42A3-9474-1A3956D46DE8}") = "WPF", "WPF", "{99736123-65B8-47C7-B952-B2B95B5DA877}"
EndProject
Project("{FAE04EC0-301F-11D3-BF4B-00C04F79EFBC}") = "PCMHammer", "UI\WPF\PCMHammer\PCMHammer.csproj", "{ED081E35-DF05-A217-6442-4E5C3C60545E}"
EndProject
Project("{2150E333-8FDC-42A3-9474-1A3956D46DE8}") = "Avalonia", "Avalonia", "{0E01ECFE-3353-4D95-91C7-BB62A2F58FDF}"
EndProject
Project("{FAE04EC0-301F-11D3-BF4B-00C04F79EFBC}") = "PCMHammerAvalonia", "UI\Avalonia\PCMHammerAvalonia\PCMHammerAvalonia.csproj", "{0B0B4539-2D8D-435B-B018-6F3EC8C65A86}"
EndProject
Project("{FAE04EC0-301F-11D3-BF4B-00C04F79EFBC}") = "PCMHammerAvalonia.Desktop", "UI\Avalonia\PCMHammerAvalonia.Desktop\PCMHammerAvalonia.Desktop.csproj", "{87A08EFD-B9DD-46F0-9F5D-0AF7FE8C0C29}"
EndProject
Project("{FAE04EC0-301F-11D3-BF4B-00C04F79EFBC}") = "PCMHammerAvalonia.Android", "UI\Avalonia\PCMHammerAvalonia.Android\PCMHammerAvalonia.Android.csproj", "{5E968E9A-AF1A-4796-B9BC-786DED99CE5D}"
EndProject
Global
	GlobalSection(SolutionConfigurationPlatforms) = preSolution
		Debug|Any CPU = Debug|Any CPU
		Debug|x64 = Debug|x64
		Debug|x86 = Debug|x86
		Release|Any CPU = Release|Any CPU
		Release|x64 = Release|x64
		Release|x86 = Release|x86
	EndGlobalSection
	GlobalSection(ProjectConfigurationPlatforms) = postSolution
		{D99E0DE7-2F06-41E3-B33E-687E1B425A7F}.Debug|Any CPU.ActiveCfg = Debug|Any CPU
		{D99E0DE7-2F06-41E3-B33E-687E1B425A7F}.Debug|Any CPU.Build.0 = Debug|Any CPU
		{D99E0DE7-2F06-41E3-B33E-687E1B425A7F}.Debug|x64.ActiveCfg = Debug|Any CPU
		{D99E0DE7-2F06-41E3-B33E-687E1B425A7F}.Debug|x64.Build.0 = Debug|Any CPU
		{D99E0DE7-2F06-41E3-B33E-687E1B425A7F}.Debug|x86.ActiveCfg = Debug|Any CPU
		{D99E0DE7-2F06-41E3-B33E-687E1B425A7F}.Debug|x86.Build.0 = Debug|Any CPU
		{D99E0DE7-2F06-41E3-B33E-687E1B425A7F}.Release|Any CPU.ActiveCfg = Release|Any CPU
		{D99E0DE7-2F06-41E3-B33E-687E1B425A7F}.Release|Any CPU.Build.0 = Release|Any CPU
		{D99E0DE7-2F06-41E3-B33E-687E1B425A7F}.Release|x64.ActiveCfg = Release|Any CPU
		{D99E0DE7-2F06-41E3-B33E-687E1B425A7F}.Release|x64.Build.0 = Release|Any CPU
		{D99E0DE7-2F06-41E3-B33E-687E1B425A7F}.Release|x86.ActiveCfg = Release|Any CPU
		{D99E0DE7-2F06-41E3-B33E-687E1B425A7F}.Release|x86.Build.0 = Release|Any CPU
		{0AA6F273-995D-4ADE-8CBB-DB1B6E8A0FCE}.Debug|Any CPU.ActiveCfg = Debug|Any CPU
		{0AA6F273-995D-4ADE-8CBB-DB1B6E8A0FCE}.Debug|Any CPU.Build.0 = Debug|Any CPU
		{0AA6F273-995D-4ADE-8CBB-DB1B6E8A0FCE}.Debug|x64.ActiveCfg = Debug|Any CPU
		{0AA6F273-995D-4ADE-8CBB-DB1B6E8A0FCE}.Debug|x64.Build.0 = Debug|Any CPU
		{0AA6F273-995D-4ADE-8CBB-DB1B6E8A0FCE}.Debug|x86.ActiveCfg = Debug|Any CPU
		{0AA6F273-995D-4ADE-8CBB-DB1B6E8A0FCE}.Debug|x86.Build.0 = Debug|Any CPU
		{0AA6F273-995D-4ADE-8CBB-DB1B6E8A0FCE}.Release|Any CPU.ActiveCfg = Release|Any CPU
		{0AA6F273-995D-4ADE-8CBB-DB1B6E8A0FCE}.Release|Any CPU.Build.0 = Release|Any CPU
		{0AA6F273-995D-4ADE-8CBB-DB1B6E8A0FCE}.Release|x64.ActiveCfg = Release|Any CPU
		{0AA6F273-995D-4ADE-8CBB-DB1B6E8A0FCE}.Release|x64.Build.0 = Release|Any CPU
		{0AA6F273-995D-4ADE-8CBB-DB1B6E8A0FCE}.Release|x86.ActiveCfg = Release|Any CPU
		{0AA6F273-995D-4ADE-8CBB-DB1B6E8A0FCE}.Release|x86.Build.0 = Release|Any CPU
		{0B317C5A-E078-4A96-8E7A-00601BCA1429}.Debug|Any CPU.ActiveCfg = Debug|Any CPU
		{0B317C5A-E078-4A96-8E7A-00601BCA1429}.Debug|Any CPU.Build.0 = Debug|Any CPU
		{0B317C5A-E078-4A96-8E7A-00601BCA1429}.Debug|x64.ActiveCfg = Debug|Any CPU
		{0B317C5A-E078-4A96-8E7A-00601BCA1429}.Debug|x64.Build.0 = Debug|Any CPU
		{0B317C5A-E078-4A96-8E7A-00601BCA1429}.Debug|x86.ActiveCfg = Debug|Any CPU
		{0B317C5A-E078-4A96-8E7A-00601BCA1429}.Debug|x86.Build.0 = Debug|Any CPU
		{0B317C5A-E078-4A96-8E7A-00601BCA1429}.Release|Any CPU.ActiveCfg = Release|Any CPU
		{0B317C5A-E078-4A96-8E7A-00601BCA1429}.Release|Any CPU.Build.0 = Release|Any CPU
		{0B317C5A-E078-4A96-8E7A-00601BCA1429}.Release|x64.ActiveCfg = Release|Any CPU
		{0B317C5A-E078-4A96-8E7A-00601BCA1429}.Release|x64.Build.0 = Release|Any CPU
		{0B317C5A-E078-4A96-8E7A-00601BCA1429}.Release|x86.ActiveCfg = Release|Any CPU
		{0B317C5A-E078-4A96-8E7A-00601BCA1429}.Release|x86.Build.0 = Release|Any CPU
		{B11A7F04-2131-4F04-B5C3-528EB177C0B6}.Debug|Any CPU.ActiveCfg = Debug|Any CPU
		{B11A7F04-2131-4F04-B5C3-528EB177C0B6}.Debug|Any CPU.Build.0 = Debug|Any CPU
		{B11A7F04-2131-4F04-B5C3-528EB177C0B6}.Debug|x64.ActiveCfg = Debug|Any CPU
		{B11A7F04-2131-4F04-B5C3-528EB177C0B6}.Debug|x64.Build.0 = Debug|Any CPU
		{B11A7F04-2131-4F04-B5C3-528EB177C0B6}.Debug|x86.ActiveCfg = Debug|Any CPU
		{B11A7F04-2131-4F04-B5C3-528EB177C0B6}.Debug|x86.Build.0 = Debug|Any CPU
		{B11A7F04-2131-4F04-B5C3-528EB177C0B6}.Release|Any CPU.ActiveCfg = Release|Any CPU
		{B11A7F04-2131-4F04-B5C3-528EB177C0B6}.Release|Any CPU.Build.0 = Release|Any CPU
		{B11A7F04-2131-4F04-B5C3-528EB177C0B6}.Release|x64.ActiveCfg = Release|Any CPU
		{B11A7F04-2131-4F04-B5C3-528EB177C0B6}.Release|x64.Build.0 = Release|Any CPU
		{B11A7F04-2131-4F04-B5C3-528EB177C0B6}.Release|x86.ActiveCfg = Release|Any CPU
		{B11A7F04-2131-4F04-B5C3-528EB177C0B6}.Release|x86.Build.0 = Release|Any CPU
		{F3A3B572-1C9B-4AE9-B70C-9CB731ADFCD6}.Debug|Any CPU.ActiveCfg = Debug|Any CPU
		{F3A3B572-1C9B-4AE9-B70C-9CB731ADFCD6}.Debug|Any CPU.Build.0 = Debug|Any CPU
		{F3A3B572-1C9B-4AE9-B70C-9CB731ADFCD6}.Debug|x64.ActiveCfg = Debug|Any CPU
		{F3A3B572-1C9B-4AE9-B70C-9CB731ADFCD6}.Debug|x64.Build.0 = Debug|Any CPU
		{F3A3B572-1C9B-4AE9-B70C-9CB731ADFCD6}.Debug|x86.ActiveCfg = Debug|Any CPU
		{F3A3B572-1C9B-4AE9-B70C-9CB731ADFCD6}.Debug|x86.Build.0 = Debug|Any CPU
		{F3A3B572-1C9B-4AE9-B70C-9CB731ADFCD6}.Release|Any CPU.ActiveCfg = Release|Any CPU
		{F3A3B572-1C9B-4AE9-B70C-9CB731ADFCD6}.Release|Any CPU.Build.0 = Release|Any CPU
		{F3A3B572-1C9B-4AE9-B70C-9CB731ADFCD6}.Release|x64.ActiveCfg = Release|Any CPU
		{F3A3B572-1C9B-4AE9-B70C-9CB731ADFCD6}.Release|x64.Build.0 = Release|Any CPU
		{F3A3B572-1C9B-4AE9-B70C-9CB731ADFCD6}.Release|x86.ActiveCfg = Release|Any CPU
		{F3A3B572-1C9B-4AE9-B70C-9CB731ADFCD6}.Release|x86.Build.0 = Release|Any CPU
		{C8DCF646-486D-4343-9FEE-4AC36DEACACF}.Debug|Any CPU.ActiveCfg = Debug|Any CPU
		{C8DCF646-486D-4343-9FEE-4AC36DEACACF}.Debug|Any CPU.Build.0 = Debug|Any CPU
		{C8DCF646-486D-4343-9FEE-4AC36DEACACF}.Debug|x64.ActiveCfg = Debug|Any CPU
		{C8DCF646-486D-4343-9FEE-4AC36DEACACF}.Debug|x64.Build.0 = Debug|Any CPU
		{C8DCF646-486D-4343-9FEE-4AC36DEACACF}.Debug|x86.ActiveCfg = Debug|Any CPU
		{C8DCF646-486D-4343-9FEE-4AC36DEACACF}.Debug|x86.Build.0 = Debug|Any CPU
		{C8DCF646-486D-4343-9FEE-4AC36DEACACF}.Release|Any CPU.ActiveCfg = Release|Any CPU
		{C8DCF646-486D-4343-9FEE-4AC36DEACACF}.Release|Any CPU.Build.0 = Release|Any CPU
		{C8DCF646-486D-4343-9FEE-4AC36DEACACF}.Release|x64.ActiveCfg = Release|Any CPU
		{C8DCF646-486D-4343-9FEE-4AC36DEACACF}.Release|x64.Build.0 = Release|Any CPU
		{C8DCF646-486D-4343-9FEE-4AC36DEACACF}.Release|x86.ActiveCfg = Release|Any CPU
		{C8DCF646-486D-4343-9FEE-4AC36DEACACF}.Release|x86.Build.0 = Release|Any CPU
		{EDA3BE7B-A060-47B1-951D-B7E469908B80}.Debug|Any CPU.ActiveCfg = Debug|Any CPU
		{EDA3BE7B-A060-47B1-951D-B7E469908B80}.Debug|Any CPU.Build.0 = Debug|Any CPU
		{EDA3BE7B-A060-47B1-951D-B7E469908B80}.Debug|x64.ActiveCfg = Debug|Any CPU
		{EDA3BE7B-A060-47B1-951D-B7E469908B80}.Debug|x64.Build.0 = Debug|Any CPU
		{EDA3BE7B-A060-47B1-951D-B7E469908B80}.Debug|x86.ActiveCfg = Debug|Any CPU
		{EDA3BE7B-A060-47B1-951D-B7E469908B80}.Debug|x86.Build.0 = Debug|Any CPU
		{EDA3BE7B-A060-47B1-951D-B7E469908B80}.Release|Any CPU.ActiveCfg = Release|Any CPU
		{EDA3BE7B-A060-47B1-951D-B7E469908B80}.Release|Any CPU.Build.0 = Release|Any CPU
		{EDA3BE7B-A060-47B1-951D-B7E469908B80}.Release|x64.ActiveCfg = Release|Any CPU
		{EDA3BE7B-A060-47B1-951D-B7E469908B80}.Release|x64.Build.0 = Release|Any CPU
		{EDA3BE7B-A060-47B1-951D-B7E469908B80}.Release|x86.ActiveCfg = Release|Any CPU
		{EDA3BE7B-A060-47B1-951D-B7E469908B80}.Release|x86.Build.0 = Release|Any CPU
		{1A2B3C4D-5E6F-7A8B-9C0D-E1F2A3B4C5D6}.Debug|Any CPU.ActiveCfg = Debug|Any CPU
		{1A2B3C4D-5E6F-7A8B-9C0D-E1F2A3B4C5D6}.Debug|Any CPU.Build.0 = Debug|Any CPU
		{1A2B3C4D-5E6F-7A8B-9C0D-E1F2A3B4C5D6}.Debug|x64.ActiveCfg = Debug|Any CPU
		{1A2B3C4D-5E6F-7A8B-9C0D-E1F2A3B4C5D6}.Debug|x64.Build.0 = Debug|Any CPU
		{1A2B3C4D-5E6F-7A8B-9C0D-E1F2A3B4C5D6}.Debug|x86.ActiveCfg = Debug|Any CPU
		{1A2B3C4D-5E6F-7A8B-9C0D-E1F2A3B4C5D6}.Debug|x86.Build.0 = Debug|Any CPU
		{1A2B3C4D-5E6F-7A8B-9C0D-E1F2A3B4C5D6}.Release|Any CPU.ActiveCfg = Release|Any CPU
		{1A2B3C4D-5E6F-7A8B-9C0D-E1F2A3B4C5D6}.Release|Any CPU.Build.0 = Release|Any CPU
		{1A2B3C4D-5E6F-7A8B-9C0D-E1F2A3B4C5D6}.Release|x64.ActiveCfg = Release|Any CPU
		{1A2B3C4D-5E6F-7A8B-9C0D-E1F2A3B4C5D6}.Release|x64.Build.0 = Release|Any CPU
		{1A2B3C4D-5E6F-7A8B-9C0D-E1F2A3B4C5D6}.Release|x86.ActiveCfg = Release|Any CPU
		{1A2B3C4D-5E6F-7A8B-9C0D-E1F2A3B4C5D6}.Release|x86.Build.0 = Release|Any CPU
		{2B7C4E91-5D3A-4F8C-A1B6-3E9D7C2F4A85}.Debug|Any CPU.ActiveCfg = Debug|Any CPU
		{2B7C4E91-5D3A-4F8C-A1B6-3E9D7C2F4A85}.Debug|Any CPU.Build.0 = Debug|Any CPU
		{2B7C4E91-5D3A-4F8C-A1B6-3E9D7C2F4A85}.Debug|x64.ActiveCfg = Debug|Any CPU
		{2B7C4E91-5D3A-4F8C-A1B6-3E9D7C2F4A85}.Debug|x64.Build.0 = Debug|Any CPU
		{2B7C4E91-5D3A-4F8C-A1B6-3E9D7C2F4A85}.Debug|x86.ActiveCfg = Debug|Any CPU
		{2B7C4E91-5D3A-4F8C-A1B6-3E9D7C2F4A85}.Debug|x86.Build.0 = Debug|Any CPU
		{2B7C4E91-5D3A-4F8C-A1B6-3E9D7C2F4A85}.Release|Any CPU.ActiveCfg = Release|Any CPU
		{2B7C4E91-5D3A-4F8C-A1B6-3E9D7C2F4A85}.Release|Any CPU.Build.0 = Release|Any CPU
		{2B7C4E91-5D3A-4F8C-A1B6-3E9D7C2F4A85}.Release|x64.ActiveCfg = Release|Any CPU
		{2B7C4E91-5D3A-4F8C-A1B6-3E9D7C2F4A85}.Release|x64.Build.0 = Release|Any CPU
		{2B7C4E91-5D3A-4F8C-A1B6-3E9D7C2F4A85}.Release|x86.ActiveCfg = Release|Any CPU
		{2B7C4E91-5D3A-4F8C-A1B6-3E9D7C2F4A85}.Release|x86.Build.0 = Release|Any CPU
		{6A27ED5F-BD88-4266-9B63-7DD4A53F591D}.Debug|Any CPU.ActiveCfg = Debug|Any CPU
		{6A27ED5F-BD88-4266-9B63-7DD4A53F591D}.Debug|Any CPU.Build.0 = Debug|Any CPU
		{6A27ED5F-BD88-4266-9B63-7DD4A53F591D}.Debug|x64.ActiveCfg = Debug|Any CPU
		{6A27ED5F-BD88-4266-9B63-7DD4A53F591D}.Debug|x64.Build.0 = Debug|Any CPU
		{6A27ED5F-BD88-4266-9B63-7DD4A53F591D}.Debug|x86.ActiveCfg = Debug|Any CPU
		{6A27ED5F-BD88-4266-9B63-7DD4A53F591D}.Debug|x86.Build.0 = Debug|Any CPU
		{6A27ED5F-BD88-4266-9B63-7DD4A53F591D}.Release|Any CPU.ActiveCfg = Release|Any CPU
		{6A27ED5F-BD88-4266-9B63-7DD4A53F591D}.Release|Any CPU.Build.0 = Release|Any CPU
		{6A27ED5F-BD88-4266-9B63-7DD4A53F591D}.Release|x64.ActiveCfg = Release|Any CPU
		{6A27ED5F-BD88-4266-9B63-7DD4A53F591D}.Release|x64.Build.0 = Release|Any CPU
		{6A27ED5F-BD88-4266-9B63-7DD4A53F591D}.Release|x86.ActiveCfg = Release|Any CPU
		{6A27ED5F-BD88-4266-9B63-7DD4A53F591D}.Release|x86.Build.0 = Release|Any CPU
		{285CA6F6-3F85-4B45-976A-18FDFD514D7D}.Debug|Any CPU.ActiveCfg = Debug|x86
		{285CA6F6-3F85-4B45-976A-18FDFD514D7D}.Debug|Any CPU.Build.0 = Debug|x86
		{285CA6F6-3F85-4B45-976A-18FDFD514D7D}.Debug|Any CPU.Deploy.0 = Debug|x86
		{285CA6F6-3F85-4B45-976A-18FDFD514D7D}.Debug|x64.ActiveCfg = Debug|x86
		{285CA6F6-3F85-4B45-976A-18FDFD514D7D}.Debug|x64.Build.0 = Debug|x86
		{285CA6F6-3F85-4B45-976A-18FDFD514D7D}.Debug|x64.Deploy.0 = Debug|x86
		{285CA6F6-3F85-4B45-976A-18FDFD514D7D}.Debug|x86.ActiveCfg = Debug|x86
		{285CA6F6-3F85-4B45-976A-18FDFD514D7D}.Debug|x86.Build.0 = Debug|x86
		{285CA6F6-3F85-4B45-976A-18FDFD514D7D}.Debug|x86.Deploy.0 = Debug|x86
		{285CA6F6-3F85-4B45-976A-18FDFD514D7D}.Release|Any CPU.ActiveCfg = Release|x86
		{285CA6F6-3F85-4B45-976A-18FDFD514D7D}.Release|Any CPU.Build.0 = Release|x86
		{285CA6F6-3F85-4B45-976A-18FDFD514D7D}.Release|x64.ActiveCfg = Release|x86
		{285CA6F6-3F85-4B45-976A-18FDFD514D7D}.Release|x64.Build.0 = Release|x86
		{285CA6F6-3F85-4B45-976A-18FDFD514D7D}.Release|x86.ActiveCfg = Release|x86
		{285CA6F6-3F85-4B45-976A-18FDFD514D7D}.Release|x86.Build.0 = Release|x86
		{FED6C5BA-2F22-4E9B-8BA8-A419F0903E6F}.Debug|Any CPU.ActiveCfg = Debug|Any CPU
		{FED6C5BA-2F22-4E9B-8BA8-A419F0903E6F}.Debug|Any CPU.Build.0 = Debug|Any CPU
		{FED6C5BA-2F22-4E9B-8BA8-A419F0903E6F}.Debug|x64.ActiveCfg = Debug|Any CPU
		{FED6C5BA-2F22-4E9B-8BA8-A419F0903E6F}.Debug|x64.Build.0 = Debug|Any CPU
		{FED6C5BA-2F22-4E9B-8BA8-A419F0903E6F}.Debug|x86.ActiveCfg = Debug|Any CPU
		{FED6C5BA-2F22-4E9B-8BA8-A419F0903E6F}.Debug|x86.Build.0 = Debug|Any CPU
		{FED6C5BA-2F22-4E9B-8BA8-A419F0903E6F}.Release|Any CPU.ActiveCfg = Release|Any CPU
		{FED6C5BA-2F22-4E9B-8BA8-A419F0903E6F}.Release|Any CPU.Build.0 = Release|Any CPU
		{FED6C5BA-2F22-4E9B-8BA8-A419F0903E6F}.Release|x64.ActiveCfg = Release|Any CPU
		{FED6C5BA-2F22-4E9B-8BA8-A419F0903E6F}.Release|x64.Build.0 = Release|Any CPU
		{FED6C5BA-2F22-4E9B-8BA8-A419F0903E6F}.Release|x86.ActiveCfg = Release|x86
		{FED6C5BA-2F22-4E9B-8BA8-A419F0903E6F}.Release|x86.Build.0 = Release|x86
		{B3CD7C96-3170-4071-8FB9-D205D6229D4D}.Debug|Any CPU.ActiveCfg = Debug|Any CPU
		{B3CD7C96-3170-4071-8FB9-D205D6229D4D}.Debug|Any CPU.Build.0 = Debug|Any CPU
		{B3CD7C96-3170-4071-8FB9-D205D6229D4D}.Debug|x64.ActiveCfg = Debug|Any CPU
		{B3CD7C96-3170-4071-8FB9-D205D6229D4D}.Debug|x64.Build.0 = Debug|Any CPU
		{B3CD7C96-3170-4071-8FB9-D205D6229D4D}.Debug|x86.ActiveCfg = Debug|Any CPU
		{B3CD7C96-3170-4071-8FB9-D205D6229D4D}.Debug|x86.Build.0 = Debug|Any CPU
		{B3CD7C96-3170-4071-8FB9-D205D6229D4D}.Release|Any CPU.ActiveCfg = Release|Any CPU
		{B3CD7C96-3170-4071-8FB9-D205D6229D4D}.Release|Any CPU.Build.0 = Release|Any CPU
		{B3CD7C96-3170-4071-8FB9-D205D6229D4D}.Release|x64.ActiveCfg = Release|Any CPU
		{B3CD7C96-3170-4071-8FB9-D205D6229D4D}.Release|x64.Build.0 = Release|Any CPU
		{B3CD7C96-3170-4071-8FB9-D205D6229D4D}.Release|x86.ActiveCfg = Release|x86
		{B3CD7C96-3170-4071-8FB9-D205D6229D4D}.Release|x86.Build.0 = Release|x86
		{F6CF5FB5-EEEC-4055-BBC1-7F982D39C47C}.Debug|Any CPU.ActiveCfg = Debug|Any CPU
		{F6CF5FB5-EEEC-4055-BBC1-7F982D39C47C}.Debug|Any CPU.Build.0 = Debug|Any CPU
		{F6CF5FB5-EEEC-4055-BBC1-7F982D39C47C}.Debug|x64.ActiveCfg = Debug|Any CPU
		{F6CF5FB5-EEEC-4055-BBC1-7F982D39C47C}.Debug|x64.Build.0 = Debug|Any CPU
		{F6CF5FB5-EEEC-4055-BBC1-7F982D39C47C}.Debug|x86.ActiveCfg = Debug|Any CPU
		{F6CF5FB5-EEEC-4055-BBC1-7F982D39C47C}.Debug|x86.Build.0 = Debug|Any CPU
		{F6CF5FB5-EEEC-4055-BBC1-7F982D39C47C}.Release|Any CPU.ActiveCfg = Release|Any CPU
		{F6CF5FB5-EEEC-4055-BBC1-7F982D39C47C}.Release|Any CPU.Build.0 = Release|Any CPU
		{F6CF5FB5-EEEC-4055-BBC1-7F982D39C47C}.Release|x64.ActiveCfg = Release|Any CPU
		{F6CF5FB5-EEEC-4055-BBC1-7F982D39C47C}.Release|x64.Build.0 = Release|Any CPU
		{F6CF5FB5-EEEC-4055-BBC1-7F982D39C47C}.Release|x86.ActiveCfg = Release|Any CPU
		{F6CF5FB5-EEEC-4055-BBC1-7F982D39C47C}.Release|x86.Build.0 = Release|Any CPU
		{ED081E35-DF05-A217-6442-4E5C3C60545E}.Debug|Any CPU.ActiveCfg = Debug|Any CPU
		{ED081E35-DF05-A217-6442-4E5C3C60545E}.Debug|Any CPU.Build.0 = Debug|Any CPU
		{ED081E35-DF05-A217-6442-4E5C3C60545E}.Debug|x64.ActiveCfg = Debug|Any CPU
		{ED081E35-DF05-A217-6442-4E5C3C60545E}.Debug|x64.Build.0 = Debug|Any CPU
		{ED081E35-DF05-A217-6442-4E5C3C60545E}.Debug|x86.ActiveCfg = Debug|Any CPU
		{ED081E35-DF05-A217-6442-4E5C3C60545E}.Debug|x86.Build.0 = Debug|Any CPU
		{ED081E35-DF05-A217-6442-4E5C3C60545E}.Release|Any CPU.ActiveCfg = Release|Any CPU
		{ED081E35-DF05-A217-6442-4E5C3C60545E}.Release|Any CPU.Build.0 = Release|Any CPU
		{ED081E35-DF05-A217-6442-4E5C3C60545E}.Release|x64.ActiveCfg = Release|Any CPU
		{ED081E35-DF05-A217-6442-4E5C3C60545E}.Release|x64.Build.0 = Release|Any CPU
		{ED081E35-DF05-A217-6442-4E5C3C60545E}.Release|x86.ActiveCfg = Release|Any CPU
		{ED081E35-DF05-A217-6442-4E5C3C60545E}.Release|x86.Build.0 = Release|Any CPU
		{0B0B4539-2D8D-435B-B018-6F3EC8C65A86}.Debug|Any CPU.ActiveCfg = Debug|Any CPU
		{0B0B4539-2D8D-435B-B018-6F3EC8C65A86}.Debug|Any CPU.Build.0 = Debug|Any CPU
		{0B0B4539-2D8D-435B-B018-6F3EC8C65A86}.Debug|x64.ActiveCfg = Debug|Any CPU
		{0B0B4539-2D8D-435B-B018-6F3EC8C65A86}.Debug|x64.Build.0 = Debug|Any CPU
		{0B0B4539-2D8D-435B-B018-6F3EC8C65A86}.Debug|x86.ActiveCfg = Debug|Any CPU
		{0B0B4539-2D8D-435B-B018-6F3EC8C65A86}.Debug|x86.Build.0 = Debug|Any CPU
		{0B0B4539-2D8D-435B-B018-6F3EC8C65A86}.Release|Any CPU.ActiveCfg = Release|Any CPU
		{0B0B4539-2D8D-435B-B018-6F3EC8C65A86}.Release|Any CPU.Build.0 = Release|Any CPU
		{0B0B4539-2D8D-435B-B018-6F3EC8C65A86}.Release|x64.ActiveCfg = Release|Any CPU
		{0B0B4539-2D8D-435B-B018-6F3EC8C65A86}.Release|x64.Build.0 = Release|Any CPU
		{0B0B4539-2D8D-435B-B018-6F3EC8C65A86}.Release|x86.ActiveCfg = Release|Any CPU
		{0B0B4539-2D8D-435B-B018-6F3EC8C65A86}.Release|x86.Build.0 = Release|Any CPU
		{87A08EFD-B9DD-46F0-9F5D-0AF7FE8C0C29}.Debug|Any CPU.ActiveCfg = Debug|Any CPU
		{87A08EFD-B9DD-46F0-9F5D-0AF7FE8C0C29}.Debug|Any CPU.Build.0 = Debug|Any CPU
		{87A08EFD-B9DD-46F0-9F5D-0AF7FE8C0C29}.Debug|x64.ActiveCfg = Debug|Any CPU
		{87A08EFD-B9DD-46F0-9F5D-0AF7FE8C0C29}.Debug|x64.Build.0 = Debug|Any CPU
		{87A08EFD-B9DD-46F0-9F5D-0AF7FE8C0C29}.Debug|x86.ActiveCfg = Debug|Any CPU
		{87A08EFD-B9DD-46F0-9F5D-0AF7FE8C0C29}.Debug|x86.Build.0 = Debug|Any CPU
		{87A08EFD-B9DD-46F0-9F5D-0AF7FE8C0C29}.Release|Any CPU.ActiveCfg = Release|Any CPU
		{87A08EFD-B9DD-46F0-9F5D-0AF7FE8C0C29}.Release|Any CPU.Build.0 = Release|Any CPU
		{87A08EFD-B9DD-46F0-9F5D-0AF7FE8C0C29}.Release|x64.ActiveCfg = Release|Any CPU
		{87A08EFD-B9DD-46F0-9F5D-0AF7FE8C0C29}.Release|x64.Build.0 = Release|Any CPU
		{87A08EFD-B9DD-46F0-9F5D-0AF7FE8C0C29}.Release|x86.ActiveCfg = Release|Any CPU
		{87A08EFD-B9DD-46F0-9F5D-0AF7FE8C0C29}.Release|x86.Build.0 = Release|Any CPU
		{5E968E9A-AF1A-4796-B9BC-786DED99CE5D}.Debug|Any CPU.ActiveCfg = Debug|Any CPU
		{5E968E9A-AF1A-4796-B9BC-786DED99CE5D}.Debug|Any CPU.Build.0 = Debug|Any CPU
		{5E968E9A-AF1A-4796-B9BC-786DED99CE5D}.Debug|x64.ActiveCfg = Debug|Any CPU
		{5E968E9A-AF1A-4796-B9BC-786DED99CE5D}.Debug|x64.Build.0 = Debug|Any CPU
		{5E968E9A-AF1A-4796-B9BC-786DED99CE5D}.Debug|x86.ActiveCfg = Debug|Any CPU
		{5E968E9A-AF1A-4796-B9BC-786DED99CE5D}.Debug|x86.Build.0 = Debug|Any CPU
		{5E968E9A-AF1A-4796-B9BC-786DED99CE5D}.Release|Any CPU.ActiveCfg = Release|Any CPU
		{5E968E9A-AF1A-4796-B9BC-786DED99CE5D}.Release|Any CPU.Build.0 = Release|Any CPU
		{5E968E9A-AF1A-4796-B9BC-786DED99CE5D}.Release|x64.ActiveCfg = Release|Any CPU
		{5E968E9A-AF1A-4796-B9BC-786DED99CE5D}.Release|x64.Build.0 = Release|Any CPU
		{5E968E9A-AF1A-4796-B9BC-786DED99CE5D}.Release|x86.ActiveCfg = Release|Any CPU
		{5E968E9A-AF1A-4796-B9BC-786DED99CE5D}.Release|x86.Build.0 = Release|Any CPU
	EndGlobalSection
	GlobalSection(SolutionProperties) = preSolution
		HideSolutionNode = FALSE
	EndGlobalSection
	GlobalSection(NestedProjects) = preSolution
		{A3E121FF-AAD7-40A6-9979-AA7D101AE1A4} = {A1D6309B-522D-417F-A49D-343841030732}
		{F3A3B572-1C9B-4AE9-B70C-9CB731ADFCD6} = {A3E121FF-AAD7-40A6-9979-AA7D101AE1A4}
		{C8DCF646-486D-4343-9FEE-4AC36DEACACF} = {A3E121FF-AAD7-40A6-9979-AA7D101AE1A4}
		{EDA3BE7B-A060-47B1-951D-B7E469908B80} = {A3E121FF-AAD7-40A6-9979-AA7D101AE1A4}
		{1A2B3C4D-5E6F-7A8B-9C0D-E1F2A3B4C5D6} = {A1D6309B-522D-417F-A49D-343841030732}
		{2B7C4E91-5D3A-4F8C-A1B6-3E9D7C2F4A85} = {A1D6309B-522D-417F-A49D-343841030732}
		{6A27ED5F-BD88-4266-9B63-7DD4A53F591D} = {A3E121FF-AAD7-40A6-9979-AA7D101AE1A4}
		{75D053C5-29A3-4B83-8F30-04F4CA516942} = {A1D6309B-522D-417F-A49D-343841030732}
		{285CA6F6-3F85-4B45-976A-18FDFD514D7D} = {75D053C5-29A3-4B83-8F30-04F4CA516942}
		{FED6C5BA-2F22-4E9B-8BA8-A419F0903E6F} = {75D053C5-29A3-4B83-8F30-04F4CA516942}
		{B3CD7C96-3170-4071-8FB9-D205D6229D4D} = {75D053C5-29A3-4B83-8F30-04F4CA516942}
		{99736123-65B8-47C7-B952-B2B95B5DA877} = {A1D6309B-522D-417F-A49D-343841030732}
		{ED081E35-DF05-A217-6442-4E5C3C60545E} = {99736123-65B8-47C7-B952-B2B95B5DA877}
		{0E01ECFE-3353-4D95-91C7-BB62A2F58FDF} = {A1D6309B-522D-417F-A49D-343841030732}
		{0B0B4539-2D8D-435B-B018-6F3EC8C65A86} = {0E01ECFE-3353-4D95-91C7-BB62A2F58FDF}
		{87A08EFD-B9DD-46F0-9F5D-0AF7FE8C0C29} = {0E01ECFE-3353-4D95-91C7-BB62A2F58FDF}
		{5E968E9A-AF1A-4796-B9BC-786DED99CE5D} = {0E01ECFE-3353-4D95-91C7-BB62A2F58FDF}
	EndGlobalSection
	GlobalSection(ExtensibilityGlobals) = postSolution
		SolutionGuid = {E19457D5-96EB-4FDE-A87C-B4B72B547EEE}
	EndGlobalSection
EndGlobal
